
Microsoft Visual Studio Solution File, Format Version 11.00
# Visual Studio 2010
Project("{FAE04EC0-301F-11D3-BF4B-00C04F79EFBC}") = "file-vader", "FileVader\file-vader.csproj", "{0555174B-71A4-4C26-9BE5-90ED6DAC44E7}"
EndProject
Global
	GlobalSection(SolutionConfigurationPlatforms) = preSolution
		Debug|Any CPU = Debug|Any CPU
		Release|Any CPU = Release|Any CPU
	EndGlobalSection
	GlobalSection(ProjectConfigurationPlatforms) = postSolution
		{0555174B-71A4-4C26-9BE5-90ED6DAC44E7}.Debug|Any CPU.ActiveCfg = Debug|Any CPU
		{0555174B-71A4-4C26-9BE5-90ED6DAC44E7}.Debug|Any CPU.Build.0 = Debug|Any CPU
		{0555174B-71A4-4C26-9BE5-90ED6DAC44E7}.Release|Any CPU.ActiveCfg = Release|Any CPU
		{0555174B-71A4-4C26-9BE5-90ED6DAC44E7}.Release|Any CPU.Build.0 = Release|Any CPU
	EndGlobalSection
	GlobalSection(SolutionProperties) = preSolution
		HideSolutionNode = FALSE
	EndGlobalSection
EndGlobal
